
Microsoft Visual Studio Solution File, Format Version 12.00
# Visual Studio Version 17
VisualStudioVersion = 17.7.34024.191
MinimumVisualStudioVersion = 10.0.40219.1
Project("{9A19103F-16F7-4668-BE54-9A1E7A4F7556}") = "ECommerce_API", "ECommerce_API\ECommerce_API.csproj", "{E1A17BBA-7089-43CF-8C85-8B878CA1112D}"
EndProject
Project("{2150E333-8FDC-42A3-9474-1A3956D46DE8}") = "Solution Items", "Solution Items", "{7E2BB558-D619-497B-B01D-B4F8C0DF7FE0}"
	ProjectSection(SolutionItems) = preProject
		.editorconfig = .editorconfig
	EndProjectSection
EndProject
Global
	GlobalSection(SolutionConfigurationPlatforms) = preSolution
		Debug|Any CPU = Debug|Any CPU
		Release|Any CPU = Release|Any CPU
	EndGlobalSection
	GlobalSection(ProjectConfigurationPlatforms) = postSolution
		{E1A17BBA-7089-43CF-8C85-8B878CA1112D}.Debug|Any CPU.ActiveCfg = Debug|Any CPU
		{E1A17BBA-7089-43CF-8C85-8B878CA1112D}.Debug|Any CPU.Build.0 = Debug|Any CPU
		{E1A17BBA-7089-43CF-8C85-8B878CA1112D}.Release|Any CPU.ActiveCfg = Release|Any CPU
		{E1A17BBA-7089-43CF-8C85-8B878CA1112D}.Release|Any CPU.Build.0 = Release|Any CPU
	EndGlobalSection
	GlobalSection(SolutionProperties) = preSolution
		HideSolutionNode = FALSE
	EndGlobalSection
	GlobalSection(ExtensibilityGlobals) = postSolution
		SolutionGuid = {AB134A1A-092F-4E80-B2B4-5D35E1D30BCE}
	EndGlobalSection
EndGlobal
